{
    "_meta": {
        "hash": {
            "sha256": "911f3afff104ea8ec8dacd7c1d1b6867ac63e790439ffd16280251f0bfa90b1d"
        },
        "pipfile-spec": 6,
        "requires": {
            "python_version": "3.7"
        },
        "sources": [
            {
                "name": "pypi",
                "url": "https://pypi.org/simple",
                "verify_ssl": true
            }
        ]
    },
    "default": {
        "aldryn-apphooks-config": {
            "hashes": [
                "sha256:0e72cfed9a6fd15bb0bba0da4cd4f10351b8f56f2b0f22c6fbca78fd3fa1fb72",
                "sha256:28198847bbd2ca1d4ed5ae5d2c029de0f63a655c533d764f3c6bc99ec84d8590"
            ],
            "version": "==0.6.0"
        },
        "aldryn-boilerplates": {
            "hashes": [
                "sha256:9ba59810ff9de12125226f4ee6586c3bae7cab19e979bbece3876a123b4c03ca"
            ],
            "version": "==0.8.0"
        },
        "aldryn-categories": {
            "hashes": [
                "sha256:78938045e351bba33613ed7bb2907eec772e5c09e3527bb145a03a31256399be",
                "sha256:b566d851522502a03b2ff18d95afd47395a21ac7f994ca2be5d9a18dd5bd9947"
            ],
            "version": "==1.2.0"
        },
        "aldryn-common": {
            "hashes": [
                "sha256:25c4eb3daccd594f7fabc7c43ff1e11c9ce2e50c13aa00e3e0d2a2f84558b29a"
            ],
            "version": "==1.0.5"
        },
        "aldryn-newsblog": {
            "hashes": [
                "sha256:934b4a656ab82d4db96eaa1a1a9172bf2af17decdbe2b8ce99d8743fa3db19ed",
                "sha256:c473ac1c456aa6b03b009c4142010a4ea2eb45bbc906280bed49cbb888fb5dda",
                "sha256:f45383e9dbaf47a0acd972fea43d17e3f12da98f503054c386f884e680fbdd3b"
            ],
            "index": "pypi",
            "version": "==2.2.1"
        },
        "aldryn-people": {
            "hashes": [
                "sha256:844ca49ea1629b874e653b61875371e30c87f6a61a97a2ff9fb504036e2f2d10"
            ],
            "version": "==2.2.0"
        },
        "aldryn-translation-tools": {
            "hashes": [
                "sha256:497833f02c92200d341582ab272770cdf912e78482b6c18d4044d8019403ecaa"
            ],
            "version": "==0.3.0"
        },
        "babel": {
            "hashes": [
                "sha256:ab49e12b91d937cd11f0b67cb259a57ab4ad2b59ac7a3b41d6c06c0ac5b0def9",
                "sha256:bc0c176f9f6a994582230df350aa6e05ba2ebe4b3ac317eab29d9be5d2768da0"
            ],
            "markers": "python_version >= '2.7' and python_version not in '3.0, 3.1, 3.2, 3.3'",
            "version": "==2.9.1"
        },
        "backport-collections": {
            "hashes": [
                "sha256:939ac17313c6cda524b15fea9706af6ececd07b763a48b371b5b6d345b05eab7"
            ],
            "version": "==0.1"
        },
        "cmsplugin-filer": {
            "editable": true,
            "git": "https://github.com/pawelmarkowski/cmsplugin-filer",
            "ref": "09c85f56197f906996a6cf49f39861533cdddcef"
        },
        "cssselect2": {
            "hashes": [
                "sha256:2f4a9f20965367bae459e3bb42561f7927e0cfe5b7ea1692757cf67ef5d7dace",
                "sha256:93fbb9af860e95dd40bf18c3b2b6ed99189a07c0f29ba76f9c5be71344664ec8"
            ],
            "markers": "python_version >= '3.6'",
            "version": "==0.4.1"
        },
        "django": {
            "hashes": [
                "sha256:85e62019366692f1d5afed946ca32fef34c8693edf342ac9d067d75d64faf0ac",
                "sha256:dfa537267d52c6243a62b32855a744ca83c37c70600aacffbfd98bc5d6d8518f"
            ],
            "markers": "python_version >= '3.5'",
            "version": "==2.2.26"
        },
        "django-appconf": {
            "hashes": [
                "sha256:ae9f864ee1958c815a965ed63b3fba4874eec13de10236ba063a788f9a17389d",
                "sha256:be3db0be6c81fa84742000b89a81c016d70ae66a7ccb620cdef592b1f1a6aaa4"
            ],
            "markers": "python_version >= '3.6'",
            "version": "==1.0.5"
        },
        "django-appdata": {
            "hashes": [
                "sha256:10e444b175f156dcec1c6a06f8931fde279391bf9dde12c90d036dcae736aa42",
                "sha256:b57259ca306bf2be3f0b8be882b9c86c99603067a126ce8cefad8a26ebe85df9"
            ],
            "version": "==0.3.2"
        },
        "django-classy-tags": {
            "hashes": [
                "sha256:25eb4f95afee396148683bfb4811b83b3f5729218d73ad0a3399271a6f9fcc49",
                "sha256:d59d98bdf96a764dcf7a2929a86439d023b283a9152492811c7e44fc47555bc9"
            ],
            "version": "==2.0.0"
        },
        "django-cms": {
            "hashes": [
                "sha256:05ea915d490562413428e04acb9ecae604c63b8dc5ed9250d0e9437b1314c996",
                "sha256:89d1e3bebd732a6bd00b0cfaf8128bfb0924429e83f1297e0b34dd9343e55b7a"
            ],
            "index": "pypi",
            "version": "==3.7.1"
        },
        "django-filer": {
            "hashes": [
                "sha256:50f9da3b40e106de084dc6e18c19a7a54397fbee60b7ddd2568b1281ed2a24b4",
                "sha256:d48e7b4b86f23d4877e2d94dfcd4f233dc14406026f28c4cfcfc93e622cf406a"
            ],
            "markers": "python_version >= '3.6'",
            "version": "==2.1.2"
        },
        "django-formtools": {
            "hashes": [
                "sha256:4699937e19ee041d803943714fe0c1c7ad4cab802600eb64bbf4cdd0a1bfe7d9",
                "sha256:9663b6eca64777b68d6d4142efad8597fe9a685924673b25aa8a1dcff4db00c3"
            ],
            "markers": "python_version >= '3.6'",
            "version": "==2.3"
        },
        "django-js-asset": {
            "hashes": [
                "sha256:8ec12017f26eec524cab436c64ae73033368a372970af4cf42d9354fcb166bdd",
                "sha256:c163ae80d2e0b22d8fb598047cd0dcef31f81830e127cfecae278ad574167260"
            ],
            "version": "==1.2.2"
        },
        "django-mptt": {
            "hashes": [
                "sha256:75745b621ae31d97957ed924155a750dfa8cacd9543799ada2d713fd6bc3f5c7",
                "sha256:80c9fb34df7796a4e5af0cb6b8ade3697555b1aa438bd07a01f32b3ab5202b63"
            ],
            "markers": "python_version >= '3.6'",
            "version": "==0.13.4"
        },
        "django-parler": {
            "hashes": [
                "sha256:2c8f5012ceb5e49af93b16ea3fe4d0c83d70b91b2d0f470c05d7d742b6f3083d",
                "sha256:8f6c8061e4b5690f1ee2d8e5760940ef06bf78a5bfa033d11178377559c749cf"
            ],
            "version": "==2.3"
        },
        "django-phonenumber-field": {
            "hashes": [
                "sha256:8db9d2dc833678b163adabd593cda7ad1dede81a1c18f67c895701fc44dc44f1"
            ],
            "version": "==1.3.0"
        },
        "django-polymorphic": {
            "hashes": [
                "sha256:73b75eb44ea302bd32820f8661e469509d245ce7f7ff09cd2ad149e5c42034ff",
                "sha256:9d886f19f031d26bb1391c055ed9be06fb226a04a4cec1842b372c58873b3caa"
            ],
            "version": "==3.0.0"
        },
        "django-sekizai": {
            "hashes": [
                "sha256:5c5e16845d37ce822fc655ce79ec02715191b3d03330b550997bcb842cf24fdf",
                "sha256:e829f09b0d6bf01ee5cde05de1fb3faf2fbc5df66dc4dc280fbaac224ca4336f"
            ],
            "version": "==2.0.0"
        },
        "django-sortedm2m": {
            "hashes": [
                "sha256:136f3d4e0820b351608a7141d88ac3ba7fafcd37a9b8361ad00ffe616a790be5",
                "sha256:c67ae0757e8e60ded15a9ba04d0862fe39fba3d5b865899c2472166ff0050f2c"
            ],
            "version": "==3.1.1"
        },
        "django-taggit": {
            "hashes": [
                "sha256:72d8f3b8e452e64d5c230b89e802d9aedc378882206ebb871d7ad1fbd0369c2b",
                "sha256:a23ca776ee2709b455c3a95625be1e4b891ddf1ffb4173153c41806de4038d72"
            ],
            "markers": "python_version >= '3.6'",
            "version": "==2.0.0"
        },
        "django-treebeard": {
            "hashes": [
                "sha256:7c2b1cdb1e9b46d595825186064a1228bc4d00dbbc186db5b0b9412357fba91c",
                "sha256:80150017725239702054e5fa64dc66e383dc13ac262c8d47ee5a82cb005969da"
            ],
            "markers": "python_version >= '3.6'",
            "version": "==4.5.1"
        },
        "djangocms-admin-style": {
            "hashes": [
                "sha256:4381b259b62340127654a51a1eb83af2c9a42b608a36393c731c04712cd37068",
                "sha256:6661a6c36ce56d18ec8fad05a3e56589417fc0bd0c647eb6d336e7f836999723"
            ],
            "version": "==2.0.2"
        },
        "djangocms-attributes-field": {
            "hashes": [
                "sha256:525f1a94de38c446e2746ff307dbc0ec7b157ca1e10c1350bc43b3eace9065d6",
                "sha256:ebd7d3ef9e7a2a3413f02512cd13638e3eab0b15ab9eea44b3f002405ac77c7c"
            ],
            "version": "==2.0.0"
        },
        "djangocms-bootstrap4": {
            "hashes": [
                "sha256:4db97893a4a69a4d5a4bf5623b0d1e489f4b42e704ab58537f7ff38f0856f209"
            ],
            "index": "pypi",
            "version": "==1.5.0"
        },
        "djangocms-file": {
            "hashes": [
                "sha256:6fd29e9b8355bb44b3c57bbed30218308a8da80695d5cf9d4c3a669e43e6360e"
            ],
            "index": "pypi",
            "version": "==2.3.0"
        },
        "djangocms-icon": {
            "hashes": [
                "sha256:47cb98354b1b4ff5115757b3e37c573148c017ec29fcf78721426589cefdfb6d",
                "sha256:c0074762e70d39e0bb4586d54f654c9345ec4387de9f73517e56fd937a5751ae"
            ],
            "version": "==2.0.0"
        },
        "djangocms-link": {
            "hashes": [
                "sha256:b550bbcf572437e408e1a9b956c7c6e2fd498d868c402424395eea8d40d9cfa0"
            ],
            "index": "pypi",
            "version": "==2.5.0"
        },
        "djangocms-picture": {
            "hashes": [
                "sha256:0f38222cc9a122471b104604b265d359f01a17e30f89eeddb1e6ae70ba06cd78"
            ],
            "index": "pypi",
            "version": "==2.3.0"
        },
        "djangocms-snippet": {
            "hashes": [
                "sha256:599f06e069dacf9c9f11742a9233c3ccee58a55605124fa1485a62708bd2caea"
            ],
            "index": "pypi",
            "version": "==2.2.0"
        },
        "djangocms-style": {
            "hashes": [
                "sha256:4841f8e23cfe6a95d9a788f39f00d83f862a56f50cc445060bcf154bfdd471a0"
            ],
            "index": "pypi",
            "version": "==2.2.0"
        },
        "djangocms-text-ckeditor": {
            "hashes": [
                "sha256:0f0291cdf305c469741a639d89c71ee77f29dfc5aada4f7a453d6dc2926ceca9"
            ],
            "index": "pypi",
            "version": "==3.8.0"
        },
        "easy-thumbnails": {
            "hashes": [
                "sha256:f2a9b82b9ddd1b4342ef92009589d76e1dc61082970302b9bbb7510f054b4d77",
                "sha256:fd2249d936671847fc54a2d6c8c87bcca8f803001967dd03bab6b8bcb7590825"
            ],
            "markers": "python_version >= '3.6'",
            "version": "==2.8"
        },
        "html5lib": {
            "hashes": [
                "sha256:0d78f8fde1c230e99fe37986a60526d7049ed4bf8a9fadbad5f00e22e58e041d",
                "sha256:b2e5b40261e20f354d198eae92afc10d750afb487ed5e50f9c4eaf07c184146f"
            ],
            "markers": "python_version >= '2.7' and python_version not in '3.0, 3.1, 3.2, 3.3, 3.4'",
            "version": "==1.1"
        },
        "lxml": {
            "hashes": [
                "sha256:0607ff0988ad7e173e5ddf7bf55ee65534bd18a5461183c33e8e41a59e89edf4",
                "sha256:09b738360af8cb2da275998a8bf79517a71225b0de41ab47339c2beebfff025f",
                "sha256:0a5f0e4747f31cff87d1eb32a6000bde1e603107f632ef4666be0dc065889c7a",
                "sha256:0b5e96e25e70917b28a5391c2ed3ffc6156513d3db0e1476c5253fcd50f7a944",
                "sha256:1104a8d47967a414a436007c52f533e933e5d52574cab407b1e49a4e9b5ddbd1",
                "sha256:13dbb5c7e8f3b6a2cf6e10b0948cacb2f4c9eb05029fe31c60592d08ac63180d",
                "sha256:2a906c3890da6a63224d551c2967413b8790a6357a80bf6b257c9a7978c2c42d",
                "sha256:317bd63870b4d875af3c1be1b19202de34c32623609ec803b81c99193a788c1e",
                "sha256:34c22eb8c819d59cec4444d9eebe2e38b95d3dcdafe08965853f8799fd71161d",
                "sha256:36b16fecb10246e599f178dd74f313cbdc9f41c56e77d52100d1361eed24f51a",
                "sha256:38d9759733aa04fb1697d717bfabbedb21398046bd07734be7cccc3d19ea8675",
                "sha256:3e26ad9bc48d610bf6cc76c506b9e5ad9360ed7a945d9be3b5b2c8535a0145e3",
                "sha256:41358bfd24425c1673f184d7c26c6ae91943fe51dfecc3603b5e08187b4bcc55",
                "sha256:447d5009d6b5447b2f237395d0018901dcc673f7d9f82ba26c1b9f9c3b444b60",
                "sha256:44f552e0da3c8ee3c28e2eb82b0b784200631687fc6a71277ea8ab0828780e7d",
                "sha256:490712b91c65988012e866c411a40cc65b595929ececf75eeb4c79fcc3bc80a6",
                "sha256:4c093c571bc3da9ebcd484e001ba18b8452903cd428c0bc926d9b0141bcb710e",
                "sha256:50d3dba341f1e583265c1a808e897b4159208d814ab07530202b6036a4d86da5",
                "sha256:534e946bce61fd162af02bad7bfd2daec1521b71d27238869c23a672146c34a5",
                "sha256:585ea241ee4961dc18a95e2f5581dbc26285fcf330e007459688096f76be8c42",
                "sha256:59e7da839a1238807226f7143c68a479dee09244d1b3cf8c134f2fce777d12d0",
                "sha256:5b0f782f0e03555c55e37d93d7a57454efe7495dab33ba0ccd2dbe25fc50f05d",
                "sha256:5bee1b0cbfdb87686a7fb0e46f1d8bd34d52d6932c0723a86de1cc532b1aa489",
                "sha256:610807cea990fd545b1559466971649e69302c8a9472cefe1d6d48a1dee97440",
                "sha256:6308062534323f0d3edb4e702a0e26a76ca9e0e23ff99be5d82750772df32a9e",
                "sha256:67fa5f028e8a01e1d7944a9fb616d1d0510d5d38b0c41708310bd1bc45ae89f6",
                "sha256:6a2ab9d089324d77bb81745b01f4aeffe4094306d939e92ba5e71e9a6b99b71e",
                "sha256:6c198bfc169419c09b85ab10cb0f572744e686f40d1e7f4ed09061284fc1303f",
                "sha256:6e56521538f19c4a6690f439fefed551f0b296bd785adc67c1777c348beb943d",
                "sha256:6ec829058785d028f467be70cd195cd0aaf1a763e4d09822584ede8c9eaa4b03",
                "sha256:718d7208b9c2d86aaf0294d9381a6acb0158b5ff0f3515902751404e318e02c9",
                "sha256:735e3b4ce9c0616e85f302f109bdc6e425ba1670a73f962c9f6b98a6d51b77c9",
                "sha256:772057fba283c095db8c8ecde4634717a35c47061d24f889468dc67190327bcd",
                "sha256:7b5e2acefd33c259c4a2e157119c4373c8773cf6793e225006a1649672ab47a6",
                "sha256:82d16a64236970cb93c8d63ad18c5b9f138a704331e4b916b2737ddfad14e0c4",
                "sha256:87c1b0496e8c87ec9db5383e30042357b4839b46c2d556abd49ec770ce2ad868",
                "sha256:8e54945dd2eeb50925500957c7c579df3cd07c29db7810b83cf30495d79af267",
                "sha256:9393a05b126a7e187f3e38758255e0edf948a65b22c377414002d488221fdaa2",
                "sha256:9fbc0dee7ff5f15c4428775e6fa3ed20003140560ffa22b88326669d53b3c0f4",
                "sha256:a1613838aa6b89af4ba10a0f3a972836128801ed008078f8c1244e65958f1b24",
                "sha256:a1bbc4efa99ed1310b5009ce7f3a1784698082ed2c1ef3895332f5df9b3b92c2",
                "sha256:a555e06566c6dc167fbcd0ad507ff05fd9328502aefc963cb0a0547cfe7f00db",
                "sha256:a58d78653ae422df6837dd4ca0036610b8cb4962b5cfdbd337b7b24de9e5f98a",
                "sha256:a5edc58d631170de90e50adc2cc0248083541affef82f8cd93bea458e4d96db8",
                "sha256:a5f623aeaa24f71fce3177d7fee875371345eb9102b355b882243e33e04b7175",
                "sha256:adaab25be351fff0d8a691c4f09153647804d09a87a4e4ea2c3f9fe9e8651851",
                "sha256:ade74f5e3a0fd17df5782896ddca7ddb998845a5f7cd4b0be771e1ffc3b9aa5b",
                "sha256:b1d381f58fcc3e63fcc0ea4f0a38335163883267f77e4c6e22d7a30877218a0e",
                "sha256:bf6005708fc2e2c89a083f258b97709559a95f9a7a03e59f805dd23c93bc3986",
                "sha256:d546431636edb1d6a608b348dd58cc9841b81f4116745857b6cb9f8dadb2725f",
                "sha256:d5618d49de6ba63fe4510bdada62d06a8acfca0b4b5c904956c777d28382b419",
                "sha256:dfd0d464f3d86a1460683cd742306d1138b4e99b79094f4e07e1ca85ee267fe7",
                "sha256:e18281a7d80d76b66a9f9e68a98cf7e1d153182772400d9a9ce855264d7d0ce7",
                "sha256:e410cf3a2272d0a85526d700782a2fa92c1e304fdcc519ba74ac80b8297adf36",
                "sha256:e662c6266e3a275bdcb6bb049edc7cd77d0b0f7e119a53101d367c841afc66dc",
                "sha256:ec9027d0beb785a35aa9951d14e06d48cfbf876d8ff67519403a2522b181943b",
                "sha256:eed394099a7792834f0cb4a8f615319152b9d801444c1c9e1b1a2c36d2239f9e",
                "sha256:f76dbe44e31abf516114f6347a46fa4e7c2e8bceaa4b6f7ee3a0a03c8eba3c17",
                "sha256:fc15874816b9320581133ddc2096b644582ab870cf6a6ed63684433e7af4b0d3",
                "sha256:fc9fb11b65e7bc49f7f75aaba1b700f7181d95d4e151cf2f24d51bfd14410b77"
            ],
            "markers": "python_version >= '2.7' and python_version not in '3.0, 3.1, 3.2, 3.3, 3.4'",
            "version": "==4.7.1"
        },
        "phonenumbers": {
            "hashes": [
                "sha256:2b8c7a7ffac4fe2be3d8bf20dad316ea1292f27422c9e18b1f3cd16734d4a5ed",
                "sha256:f477da623a51cba084567d6a67b1882a8aaaf3e7beadad655f8613a8f887ac62"
            ],
            "version": "==8.12.41"
        },
        "phonenumberslite": {
            "hashes": [
                "sha256:dd79978de1d75198ed5d5239a80e70458d420f8877c61340740fa61c5119ce5e",
                "sha256:ee8cbd7de516af9e2032b8bc0f8e758232b9c41fe34c673c9237b185ceccaa0c"
            ],
            "version": "==8.12.41"
        },
        "pillow": {
            "hashes": [
                "sha256:03b27b197deb4ee400ed57d8d4e572d2d8d80f825b6634daf6e2c18c3c6ccfa6",
                "sha256:0b281fcadbb688607ea6ece7649c5d59d4bbd574e90db6cd030e9e85bde9fecc",
                "sha256:0ebd8b9137630a7bbbff8c4b31e774ff05bbb90f7911d93ea2c9371e41039b52",
                "sha256:113723312215b25c22df1fdf0e2da7a3b9c357a7d24a93ebbe80bfda4f37a8d4",
                "sha256:2d16b6196fb7a54aff6b5e3ecd00f7c0bab1b56eee39214b2b223a9d938c50af",
                "sha256:2fd8053e1f8ff1844419842fd474fc359676b2e2a2b66b11cc59f4fa0a301315",
                "sha256:31b265496e603985fad54d52d11970383e317d11e18e856971bdbb86af7242a4",
                "sha256:3586e12d874ce2f1bc875a3ffba98732ebb12e18fb6d97be482bd62b56803281",
                "sha256:47f5cf60bcb9fbc46011f75c9b45a8b5ad077ca352a78185bd3e7f1d294b98bb",
                "sha256:490e52e99224858f154975db61c060686df8a6b3f0212a678e5d2e2ce24675c9",
                "sha256:500d397ddf4bbf2ca42e198399ac13e7841956c72645513e8ddf243b31ad2128",
                "sha256:52abae4c96b5da630a8b4247de5428f593465291e5b239f3f843a911a3cf0105",
                "sha256:6579f9ba84a3d4f1807c4aab4be06f373017fc65fff43498885ac50a9b47a553",
                "sha256:68e06f8b2248f6dc8b899c3e7ecf02c9f413aab622f4d6190df53a78b93d97a5",
                "sha256:6c5439bfb35a89cac50e81c751317faea647b9a3ec11c039900cd6915831064d",
                "sha256:72c3110228944019e5f27232296c5923398496b28be42535e3b2dc7297b6e8b6",
                "sha256:72f649d93d4cc4d8cf79c91ebc25137c358718ad75f99e99e043325ea7d56100",
                "sha256:7aaf07085c756f6cb1c692ee0d5a86c531703b6e8c9cae581b31b562c16b98ce",
                "sha256:80fe92813d208ce8aa7d76da878bdc84b90809f79ccbad2a288e9bcbeac1d9bd",
                "sha256:95545137fc56ce8c10de646074d242001a112a92de169986abd8c88c27566a05",
                "sha256:97b6d21771da41497b81652d44191489296555b761684f82b7b544c49989110f",
                "sha256:98cb63ca63cb61f594511c06218ab4394bf80388b3d66cd61d0b1f63ee0ea69f",
                "sha256:9f3b4522148586d35e78313db4db0df4b759ddd7649ef70002b6c3767d0fdeb7",
                "sha256:a09a9d4ec2b7887f7a088bbaacfd5c07160e746e3d47ec5e8050ae3b2a229e9f",
                "sha256:b5050d681bcf5c9f2570b93bee5d3ec8ae4cf23158812f91ed57f7126df91762",
                "sha256:bb47a548cea95b86494a26c89d153fd31122ed65255db5dcbc421a2d28eb3379",
                "sha256:bc462d24500ba707e9cbdef436c16e5c8cbf29908278af053008d9f689f56dee",
                "sha256:c2067b3bb0781f14059b112c9da5a91c80a600a97915b4f48b37f197895dd925",
                "sha256:d154ed971a4cc04b93a6d5b47f37948d1f621f25de3e8fa0c26b2d44f24e3e8f",
                "sha256:d5dcea1387331c905405b09cdbfb34611050cc52c865d71f2362f354faee1e9f",
                "sha256:ee6e2963e92762923956fe5d3479b1fdc3b76c83f290aad131a2f98c3df0593e",
                "sha256:fd0e5062f11cb3e730450a7d9f323f4051b532781026395c4323b8ad055523c4"
            ],
            "index": "pypi",
            "version": "==9.0.0"
        },
        "python-dateutil": {
            "hashes": [
                "sha256:0123cacc1627ae19ddf3c27a5de5bd67ee4586fbdd6440d9748f8abb483d3e86",
                "sha256:961d03dc3453ebbc59dbdea9e4e11c5651520a876d0f4db161e8674aae935da9"
            ],
            "markers": "python_version >= '2.7' and python_version not in '3.0, 3.1, 3.2, 3.3'",
            "version": "==2.8.2"
        },
        "python-slugify": {
            "hashes": [
                "sha256:6d8c5df75cd4a7c3a2d21e257633de53f52ab0265cd2d1dc62a730e8194a7380",
                "sha256:f13383a0b9fcbe649a1892b9c8eb4f8eab1d6d84b84bb7a624317afa98159cab"
            ],
            "markers": "python_version >= '3.6'",
            "version": "==5.0.2"
        },
        "pytz": {
            "hashes": [
                "sha256:3672058bc3453457b622aab7a1c3bfd5ab0bdae451512f6cf25f64ed37f5b87c",
                "sha256:acad2d8b20a1af07d4e4c9d2e9285c5ed9104354062f275f3fcd88dcef4f1326"
            ],
            "version": "==2021.3"
        },
        "reportlab": {
            "hashes": [
                "sha256:0430cfe397415759839ef89abee6db82e8a8f9bb5831a3c93e7763915c755345",
                "sha256:13072e33e8cbac6fd6e776fecabdefafb0261886b2ab7cb3b874a9384f1b0ffe",
                "sha256:1767106d03320e76a708d2c40488fe1785580a0d7abac7715e01a3cc910c1179",
                "sha256:17f35a856bbf46989d557d4016822bcdd3ada88d3afb567de03a4b29676aa52e",
                "sha256:19414f4357287a7573a60bcb76a092c9ea82bf09f01d04b3afb5c1bd3c660df2",
                "sha256:1d8d9674eb6ba1b6c3d6a8e3d5d4e4231b3576db653d1b1fdac2538afee54c7a",
                "sha256:23236dc70598b688e979444c4840c5cec88a2a12fe81ba6f8cc807120a2cad33",
                "sha256:28c339d25eab804a8bd004dfaa5a80c7568178561741f4ce6e69dae05d38041f",
                "sha256:2c93a551b60c7fd3b17942772847f7c4ee2f08ae74c87ef8f325fe8083d2aa6e",
                "sha256:2e80045f36dd4b9b63b19fc073149f70857fe8590027ab3658db80ac6235ecd0",
                "sha256:38aa912301d93e2267861d820cb3f6eebed8deb58d0df429421578b9ba033eee",
                "sha256:47587ce01cf9ac25f6d187116a9f9cef710dc58ccea001024d950c4f5a504643",
                "sha256:587b3d8ce0a065a00975516013aebb062e6161fba3cf399b22f270e4d9a3db1e",
                "sha256:5a650284cc09caa32b5845c055bf035cb76949b87d57e9eed56d98f863613417",
                "sha256:5e113c630b6109efe0285230706c8423bff1b82c2e2824e441401a467a1215b7",
                "sha256:68e339411cc9329ff50982a7c1d55eabd53ac9be24d4442088af58328bae54d3",
                "sha256:6ae1fb03faf4b6710e2c081d5208416a5d557e0cc00ff24fc124dd42a7158114",
                "sha256:6f363e09aacaa7aaff232197fddb667d899822aa57d10091aea4fbb1f56b7fa7",
                "sha256:70841d7eb4aa2f8ad4afacce07711481a0dcd9d01679da5627173443131a33a2",
                "sha256:71d91002878c4d2a17a6bd7208c59373e6148977fe674bb79eec3eb9e63aa20f",
                "sha256:7a09e5bf9c8e02c373e5e558cc5c2cfbc5d3c68560a406c6d16254363cfa989e",
                "sha256:85095ef9f3697859064cb1b22f19659bf4ba25e7dadb9c6be65f322cd68ba88f",
                "sha256:8dafdcdde7243f0864d6d11dd9bfffbd1e6bce6c3e668fe992f56ae48377c822",
                "sha256:9a822486a98fe002bbe248fdf3f126739c1ad29032b54b71a3f67b6364a77677",
                "sha256:aa57dc0818e066fdced9457b9e6c6fb269d63e2d96902001c7dbe010bce6ebcc",
                "sha256:b0836c6cdee4b88e2366e0ff152c1327578149e09850b7cab6016444c5b3eb26",
                "sha256:b2988ffc33032096e808e7a4a36f5b453fcc9587873c85c1b44bc6846bbbd09c",
                "sha256:bd38d58895b359ef429df3c97dc00c3fef0ab57f45556de416ba9b7d7fc71ae2",
                "sha256:be87dca9253efd3cd0f351b785530c02e67664e284e3c4a97cdd0c7dd806d39a",
                "sha256:c21bdb11d7fccea28bf08eac13d9d031836e335c5e0620eae1d4336f193e9a03",
                "sha256:c43f847f2598b5c2fc9b63871d7da641c0b90e384d8da8018d4d7173a0b82cd4",
                "sha256:c780cc5208c67b25bdddd08480f874614cd0ec0bed39e1a848448543f2093945",
                "sha256:c9bcf696bc8935ff90ecb50c7644e2af01f63a444d4b4bd39d41d2abdd7bb224",
                "sha256:cb48b71088f5c9eff5715dde0bd4d5372d4713ffa92247acf0f04fd17ab2078d",
                "sha256:d48f638893b3eb4c9b2afeec2de4f95a4b57fb8c398e3d7f9a7fb4b4d9546820",
                "sha256:d8fe27ad312671c9347cf5997f7c1017833fac17233f33296281ba9fa0de189a",
                "sha256:d98b759661070f5588b30152d0caaf16ac387f60372f8fa2568c9ad4014cd7f3",
                "sha256:e2022ad36409e7616ed6311f7ab113f236cac66ba0d22be4f53bf7e77654b143",
                "sha256:e45159f4d19304f5e79be13283fe53bdd006c4fd4d93ff3cb6ac082ca017c418",
                "sha256:eb3ef5394b4b2c904ab467dbbe1efcfbe046e1395c2d3064420ccef89806570e",
                "sha256:f326b04a3fb3c7c58b799bd23b60790b181893f052fe5a8011c9cd9984e24a43",
                "sha256:f401ed014ea861dea2ae621f7810fb15b3bc021e6487dee97b32f175bbf1b7eb",
                "sha256:f4d4eb3a949ccb0782e4d6560fcd5ee6f34636d1ee24f1d2a2b1f530af89481a",
                "sha256:fdc3dc1242be557f6a8bb9e21751296cc721f60b8e2b684690049e656d798520"
            ],
            "markers": "python_version >= '3.6' and python_version < '4'",
            "version": "==3.6.5"
        },
        "six": {
            "hashes": [
                "sha256:1e61c37477a1626458e36f7b1d82aa5c9b094fa4802892072e49de9c60c4c926",
                "sha256:8abb2f1d86890a2dfb989f9a77cfcfd3e47c2a354b01111771326f8aa26e0254"
            ],
            "markers": "python_version >= '2.7' and python_version not in '3.0, 3.1, 3.2, 3.3'",
            "version": "==1.16.0"
        },
        "sqlparse": {
            "hashes": [
                "sha256:0c00730c74263a94e5a9919ade150dfc3b19c574389985446148402998287dae",
                "sha256:48719e356bb8b42991bdbb1e8b83223757b93789c00910a616a071910ca4a64d"
            ],
            "markers": "python_version >= '3.5'",
            "version": "==0.4.2"
        },
        "svglib": {
            "hashes": [
                "sha256:520ee5290ee2ebeebd20ca0d7d995c08c903b364fcf515826bab43a1288d422e"
            ],
            "markers": "python_version >= '3'",
            "version": "==1.1.0"
        },
        "text-unidecode": {
            "hashes": [
                "sha256:1311f10e8b895935241623731c2ba64f4c455287888b18189350b67134a822e8",
                "sha256:bad6603bb14d279193107714b288be206cac565dfa49aa5b105294dd5c4aab93"
            ],
            "version": "==1.3"
        },
        "tinycss2": {
            "hashes": [
                "sha256:b2e44dd8883c360c35dd0d1b5aad0b610e5156c2cb3b33434634e539ead9d8bf",
                "sha256:fe794ceaadfe3cf3e686b22155d0da5780dd0e273471a51846d0a02bc204fec8"
            ],
            "markers": "python_version >= '3.6'",
            "version": "==1.1.1"
        },
        "unidecode": {
            "hashes": [
                "sha256:4c9d15d2f73eb0d2649a151c566901f80a030da1ccb0a2043352e1dbf647586b",
                "sha256:a039f89014245e0cad8858976293e23501accc9ff5a7bdbc739a14a2b7b85cdc"
            ],
            "version": "==1.1.2"
        },
        "webencodings": {
            "hashes": [
                "sha256:a0af1213f3c2226497a97e2b3aa01a7e4bee4f403f95be16fc9acd2947514a78",
                "sha256:b36a1c245f2d304965eb4e0a82848379241dc04b865afcc4aab16748587e1923"
            ],
            "version": "==0.5.1"
        },
        "yurl": {
            "hashes": [
                "sha256:1b9497efc0b4f85af9e5d139fb3e93fca825bccf2c62d463aca489630a248619"
            ],
            "version": "==1.0.0"
        }
    },
    "develop": {}
}
